
Microsoft Visual Studio Solution File, Format Version 12.00
# Visual Studio 2015
Project("{FAE04EC0-301F-11D3-BF4B-00C04F79EFBC}") = "paronormal-cubetivity.CSharp", "paronormal-cubetivity.CSharp.csproj", "{D690B364-EB84-E3B7-7FF6-CAAD40B708C6}"
EndProject
Global
	GlobalSection(SolutionConfigurationPlatforms) = preSolution
		Debug|Any CPU = Debug|Any CPU
		Release|Any CPU = Release|Any CPU
	EndGlobalSection
	GlobalSection(ProjectConfigurationPlatforms) = postSolution
		{D690B364-EB84-E3B7-7FF6-CAAD40B708C6}.Debug|Any CPU.ActiveCfg = Debug|Any CPU
		{D690B364-EB84-E3B7-7FF6-CAAD40B708C6}.Debug|Any CPU.Build.0 = Debug|Any CPU
		{D690B364-EB84-E3B7-7FF6-CAAD40B708C6}.Release|Any CPU.ActiveCfg = Release|Any CPU
		{D690B364-EB84-E3B7-7FF6-CAAD40B708C6}.Release|Any CPU.Build.0 = Release|Any CPU
	EndGlobalSection
	GlobalSection(SolutionProperties) = preSolution
		HideSolutionNode = FALSE
	EndGlobalSection
EndGlobal
